
Microsoft Visual Studio Solution File, Format Version 12.00
# Visual Studio Version 16
VisualStudioVersion = 16.0.31112.23
MinimumVisualStudioVersion = 10.0.40219.1
Project("{FAE04EC0-301F-11D3-BF4B-00C04F79EFBC}") = "TodoApi", "TodoApi\TodoApi.csproj", "{4A5E1D44-383E-432D-A703-2395E3FBAEE8}"
EndProject
Global
	GlobalSection(SolutionConfigurationPlatforms) = preSolution
		Debug|Any CPU = Debug|Any CPU
		Release|Any CPU = Release|Any CPU
	EndGlobalSection
	GlobalSection(ProjectConfigurationPlatforms) = postSolution
		{4A5E1D44-383E-432D-A703-2395E3FBAEE8}.Debug|Any CPU.ActiveCfg = Debug|Any CPU
		{4A5E1D44-383E-432D-A703-2395E3FBAEE8}.Debug|Any CPU.Build.0 = Debug|Any CPU
		{4A5E1D44-383E-432D-A703-2395E3FBAEE8}.Release|Any CPU.ActiveCfg = Release|Any CPU
		{4A5E1D44-383E-432D-A703-2395E3FBAEE8}.Release|Any CPU.Build.0 = Release|Any CPU
	EndGlobalSection
	GlobalSection(SolutionProperties) = preSolution
		HideSolutionNode = FALSE
	EndGlobalSection
	GlobalSection(ExtensibilityGlobals) = postSolution
		SolutionGuid = {16D22153-670D-4E2E-90F2-F0E252616A22}
	EndGlobalSection
EndGlobal
